
Microsoft Visual Studio Solution File, Format Version 12.00
# Visual Studio Version 16
VisualStudioVersion = 16.0.29613.14
MinimumVisualStudioVersion = 10.0.40219.1
Project("{9A19103F-16F7-4668-BE54-9A1E7A4F7556}") = "MyDemoProject001.WebAPI", "Src\MyDemoProject001.WebAPI\MyDemoProject001.WebAPI.csproj", "{E0FA09EC-28E7-4263-9327-A09A80176260}"
EndProject
Project("{9A19103F-16F7-4668-BE54-9A1E7A4F7556}") = "MyDemoProject001.Domain", "Src\MyDemoProject001.Domain\MyDemoProject001.Domain.csproj", "{6B2D8D81-A327-4BC4-A21C-336BA2AD548D}"
EndProject
Project("{9A19103F-16F7-4668-BE54-9A1E7A4F7556}") = "MyDemoProject001.Infrastructure", "Src\MyDemoProject001.Infrastructure\MyDemoProject001.Infrastructure.csproj", "{40576831-B702-4948-A617-2B4C3FFAFEA2}"
EndProject
Project("{9A19103F-16F7-4668-BE54-9A1E7A4F7556}") = "MyDemoProject001.Application", "Src\MyDemoProject001.Application\MyDemoProject001.Application.csproj", "{717B0A9E-73E9-48C4-9FAE-F32611354D7B}"
EndProject
Project("{2150E333-8FDC-42A3-9474-1A3956D46DE8}") = "Src", "Src", "{1C4BAADA-4C7C-4424-AB5F-F04E5A33A8EC}"
EndProject
Project("{2150E333-8FDC-42A3-9474-1A3956D46DE8}") = "Docs", "Docs", "{1619F066-9E5D-4F7A-80AF-C9F518341B4F}"
EndProject
Project("{2150E333-8FDC-42A3-9474-1A3956D46DE8}") = "Tests", "Tests", "{C412185A-DA33-46AF-B8F4-7D4D212D39FF}"
EndProject
Project("{9A19103F-16F7-4668-BE54-9A1E7A4F7556}") = "MyDemoProject001.ApplicationUnitTests", "Tests\MyDemoProject001.ApplicationUnitTests\MyDemoProject001.ApplicationUnitTests.csproj", "{C679BF05-C93F-4CC6-AAFE-09C922AA6F9B}"
EndProject
Global
	GlobalSection(SolutionConfigurationPlatforms) = preSolution
		Debug|Any CPU = Debug|Any CPU
		Release|Any CPU = Release|Any CPU
	EndGlobalSection
	GlobalSection(ProjectConfigurationPlatforms) = postSolution
		{E0FA09EC-28E7-4263-9327-A09A80176260}.Debug|Any CPU.ActiveCfg = Debug|Any CPU
		{E0FA09EC-28E7-4263-9327-A09A80176260}.Debug|Any CPU.Build.0 = Debug|Any CPU
		{E0FA09EC-28E7-4263-9327-A09A80176260}.Release|Any CPU.ActiveCfg = Release|Any CPU
		{E0FA09EC-28E7-4263-9327-A09A80176260}.Release|Any CPU.Build.0 = Release|Any CPU
		{6B2D8D81-A327-4BC4-A21C-336BA2AD548D}.Debug|Any CPU.ActiveCfg = Debug|Any CPU
		{6B2D8D81-A327-4BC4-A21C-336BA2AD548D}.Debug|Any CPU.Build.0 = Debug|Any CPU
		{6B2D8D81-A327-4BC4-A21C-336BA2AD548D}.Release|Any CPU.ActiveCfg = Release|Any CPU
		{6B2D8D81-A327-4BC4-A21C-336BA2AD548D}.Release|Any CPU.Build.0 = Release|Any CPU
		{40576831-B702-4948-A617-2B4C3FFAFEA2}.Debug|Any CPU.ActiveCfg = Debug|Any CPU
		{40576831-B702-4948-A617-2B4C3FFAFEA2}.Debug|Any CPU.Build.0 = Debug|Any CPU
		{40576831-B702-4948-A617-2B4C3FFAFEA2}.Release|Any CPU.ActiveCfg = Release|Any CPU
		{40576831-B702-4948-A617-2B4C3FFAFEA2}.Release|Any CPU.Build.0 = Release|Any CPU
		{717B0A9E-73E9-48C4-9FAE-F32611354D7B}.Debug|Any CPU.ActiveCfg = Debug|Any CPU
		{717B0A9E-73E9-48C4-9FAE-F32611354D7B}.Debug|Any CPU.Build.0 = Debug|Any CPU
		{717B0A9E-73E9-48C4-9FAE-F32611354D7B}.Release|Any CPU.ActiveCfg = Release|Any CPU
		{717B0A9E-73E9-48C4-9FAE-F32611354D7B}.Release|Any CPU.Build.0 = Release|Any CPU
		{C679BF05-C93F-4CC6-AAFE-09C922AA6F9B}.Debug|Any CPU.ActiveCfg = Debug|Any CPU
		{C679BF05-C93F-4CC6-AAFE-09C922AA6F9B}.Debug|Any CPU.Build.0 = Debug|Any CPU
		{C679BF05-C93F-4CC6-AAFE-09C922AA6F9B}.Release|Any CPU.ActiveCfg = Release|Any CPU
		{C679BF05-C93F-4CC6-AAFE-09C922AA6F9B}.Release|Any CPU.Build.0 = Release|Any CPU
	EndGlobalSection
	GlobalSection(SolutionProperties) = preSolution
		HideSolutionNode = FALSE
	EndGlobalSection
	GlobalSection(NestedProjects) = preSolution
		{E0FA09EC-28E7-4263-9327-A09A80176260} = {1C4BAADA-4C7C-4424-AB5F-F04E5A33A8EC}
		{6B2D8D81-A327-4BC4-A21C-336BA2AD548D} = {1C4BAADA-4C7C-4424-AB5F-F04E5A33A8EC}
		{40576831-B702-4948-A617-2B4C3FFAFEA2} = {1C4BAADA-4C7C-4424-AB5F-F04E5A33A8EC}
		{717B0A9E-73E9-48C4-9FAE-F32611354D7B} = {1C4BAADA-4C7C-4424-AB5F-F04E5A33A8EC}
		{C679BF05-C93F-4CC6-AAFE-09C922AA6F9B} = {C412185A-DA33-46AF-B8F4-7D4D212D39FF}
	EndGlobalSection
	GlobalSection(ExtensibilityGlobals) = postSolution
		SolutionGuid = {8CF5E625-EE7F-4E3A-95A0-99E27AA73D12}
	EndGlobalSection
EndGlobal
